// !$*UTF8*$!
{
	archiveVersion = 1;
	classes = {
	};
	objectVersion = 56;
	objects = {

/* Begin PBXBuildFile section */
		D434C0782B76E2B9009CBC30 /* Kingfisher in Frameworks */ = {isa = PBXBuildFile; productRef = D434C0772B76E2B9009CBC30 /* Kingfisher */; };
		D434C07E2B770137009CBC30 /* Coordinator.swift in Sources */ = {isa = PBXBuildFile; fileRef = D434C07D2B770137009CBC30 /* Coordinator.swift */; };
		D434C0802B770142009CBC30 /* AppCoordinator.swift in Sources */ = {isa = PBXBuildFile; fileRef = D434C07F2B770142009CBC30 /* AppCoordinator.swift */; };
		D434C0822B7701A9009CBC30 /* Coordinated.swift in Sources */ = {isa = PBXBuildFile; fileRef = D434C0812B7701A9009CBC30 /* Coordinated.swift */; };
		D434C0842B770692009CBC30 /* PokemonListPresenter.swift in Sources */ = {isa = PBXBuildFile; fileRef = D434C0832B770692009CBC30 /* PokemonListPresenter.swift */; };
		D434C0862B7706A0009CBC30 /* PokemonListCoordinator.swift in Sources */ = {isa = PBXBuildFile; fileRef = D434C0852B77069F009CBC30 /* PokemonListCoordinator.swift */; };
		D434C0892B770EEE009CBC30 /* MainCoordinator.swift in Sources */ = {isa = PBXBuildFile; fileRef = D434C0882B770EEE009CBC30 /* MainCoordinator.swift */; };
		D434C08C2B779C12009CBC30 /* PokemonItem.swift in Sources */ = {isa = PBXBuildFile; fileRef = D434C08B2B779C12009CBC30 /* PokemonItem.swift */; };
		D4E707C12B74FFF200673003 /* AppDelegate.swift in Sources */ = {isa = PBXBuildFile; fileRef = D4E707C02B74FFF200673003 /* AppDelegate.swift */; };
		D4E707C52B74FFF200673003 /* PokemonListViewController.swift in Sources */ = {isa = PBXBuildFile; fileRef = D4E707C42B74FFF200673003 /* PokemonListViewController.swift */; };
		D4E707C82B74FFF200673003 /* PokemonList.storyboard in Resources */ = {isa = PBXBuildFile; fileRef = D4E707C62B74FFF200673003 /* PokemonList.storyboard */; };
		D4E707CA2B74FFF500673003 /* Assets.xcassets in Resources */ = {isa = PBXBuildFile; fileRef = D4E707C92B74FFF500673003 /* Assets.xcassets */; };
		D4E707CD2B74FFF500673003 /* LaunchScreen.storyboard in Resources */ = {isa = PBXBuildFile; fileRef = D4E707CB2B74FFF500673003 /* LaunchScreen.storyboard */; };
		D4E707D82B74FFF600673003 /* PokemoniumTests.swift in Sources */ = {isa = PBXBuildFile; fileRef = D4E707D72B74FFF600673003 /* PokemoniumTests.swift */; };
		D4E707E22B74FFF600673003 /* PokemoniumUITests.swift in Sources */ = {isa = PBXBuildFile; fileRef = D4E707E12B74FFF600673003 /* PokemoniumUITests.swift */; };
		D4E707E42B74FFF600673003 /* PokemoniumUITestsLaunchTests.swift in Sources */ = {isa = PBXBuildFile; fileRef = D4E707E32B74FFF600673003 /* PokemoniumUITestsLaunchTests.swift */; };
		D4E707F32B76C0DE00673003 /* PokemonRepository.swift in Sources */ = {isa = PBXBuildFile; fileRef = D4E707F22B76C0DE00673003 /* PokemonRepository.swift */; };
		D4E707F72B76C3CC00673003 /* PokemonListItemCellTableViewCell.swift in Sources */ = {isa = PBXBuildFile; fileRef = D4E707F52B76C3CC00673003 /* PokemonListItemCellTableViewCell.swift */; };
		D4E707F82B76C3CC00673003 /* PokemonListItemCellTableViewCell.xib in Resources */ = {isa = PBXBuildFile; fileRef = D4E707F62B76C3CC00673003 /* PokemonListItemCellTableViewCell.xib */; };
		D4E707FB2B76C93200673003 /* ApiConfig.swift in Sources */ = {isa = PBXBuildFile; fileRef = D4E707FA2B76C93200673003 /* ApiConfig.swift */; };
		D4E707FE2B76CB8F00673003 /* PokemonList.swift in Sources */ = {isa = PBXBuildFile; fileRef = D4E707FD2B76CB8F00673003 /* PokemonList.swift */; };
		D4E708002B76D74600673003 /* PokemonListItem.swift in Sources */ = {isa = PBXBuildFile; fileRef = D4E707FF2B76D74600673003 /* PokemonListItem.swift */; };
		D4E708022B76D8C700673003 /* Pokemon.swift in Sources */ = {isa = PBXBuildFile; fileRef = D4E708012B76D8C700673003 /* Pokemon.swift */; };
/* End PBXBuildFile section */

/* Begin PBXContainerItemProxy section */
		D4E707D42B74FFF600673003 /* PBXContainerItemProxy */ = {
			isa = PBXContainerItemProxy;
			containerPortal = D4E707B52B74FFF200673003 /* Project object */;
			proxyType = 1;
			remoteGlobalIDString = D4E707BC2B74FFF200673003;
			remoteInfo = Pokemonium;
		};
		D4E707DE2B74FFF600673003 /* PBXContainerItemProxy */ = {
			isa = PBXContainerItemProxy;
			containerPortal = D4E707B52B74FFF200673003 /* Project object */;
			proxyType = 1;
			remoteGlobalIDString = D4E707BC2B74FFF200673003;
			remoteInfo = Pokemonium;
		};
/* End PBXContainerItemProxy section */

/* Begin PBXFileReference section */
		D434C07D2B770137009CBC30 /* Coordinator.swift */ = {isa = PBXFileReference; lastKnownFileType = sourcecode.swift; path = Coordinator.swift; sourceTree = "<group>"; };
		D434C07F2B770142009CBC30 /* AppCoordinator.swift */ = {isa = PBXFileReference; lastKnownFileType = sourcecode.swift; path = AppCoordinator.swift; sourceTree = "<group>"; };
		D434C0812B7701A9009CBC30 /* Coordinated.swift */ = {isa = PBXFileReference; lastKnownFileType = sourcecode.swift; path = Coordinated.swift; sourceTree = "<group>"; };
		D434C0832B770692009CBC30 /* PokemonListPresenter.swift */ = {isa = PBXFileReference; lastKnownFileType = sourcecode.swift; path = PokemonListPresenter.swift; sourceTree = "<group>"; };
		D434C0852B77069F009CBC30 /* PokemonListCoordinator.swift */ = {isa = PBXFileReference; lastKnownFileType = sourcecode.swift; path = PokemonListCoordinator.swift; sourceTree = "<group>"; };
		D434C0882B770EEE009CBC30 /* MainCoordinator.swift */ = {isa = PBXFileReference; lastKnownFileType = sourcecode.swift; path = MainCoordinator.swift; sourceTree = "<group>"; };
		D434C08B2B779C12009CBC30 /* PokemonItem.swift */ = {isa = PBXFileReference; lastKnownFileType = sourcecode.swift; path = PokemonItem.swift; sourceTree = "<group>"; };
		D4E707BD2B74FFF200673003 /* Pokemonium.app */ = {isa = PBXFileReference; explicitFileType = wrapper.application; includeInIndex = 0; path = Pokemonium.app; sourceTree = BUILT_PRODUCTS_DIR; };
		D4E707C02B74FFF200673003 /* AppDelegate.swift */ = {isa = PBXFileReference; lastKnownFileType = sourcecode.swift; path = AppDelegate.swift; sourceTree = "<group>"; };
		D4E707C42B74FFF200673003 /* PokemonListViewController.swift */ = {isa = PBXFileReference; lastKnownFileType = sourcecode.swift; path = PokemonListViewController.swift; sourceTree = "<group>"; };
		D4E707C72B74FFF200673003 /* Base */ = {isa = PBXFileReference; lastKnownFileType = file.storyboard; name = Base; path = Base.lproj/PokemonList.storyboard; sourceTree = "<group>"; };
		D4E707C92B74FFF500673003 /* Assets.xcassets */ = {isa = PBXFileReference; lastKnownFileType = folder.assetcatalog; path = Assets.xcassets; sourceTree = "<group>"; };
		D4E707CC2B74FFF500673003 /* Base */ = {isa = PBXFileReference; lastKnownFileType = file.storyboard; name = Base; path = Base.lproj/LaunchScreen.storyboard; sourceTree = "<group>"; };
		D4E707CE2B74FFF500673003 /* Info.plist */ = {isa = PBXFileReference; lastKnownFileType = text.plist.xml; path = Info.plist; sourceTree = "<group>"; };
		D4E707D32B74FFF600673003 /* PokemoniumTests.xctest */ = {isa = PBXFileReference; explicitFileType = wrapper.cfbundle; includeInIndex = 0; path = PokemoniumTests.xctest; sourceTree = BUILT_PRODUCTS_DIR; };
		D4E707D72B74FFF600673003 /* PokemoniumTests.swift */ = {isa = PBXFileReference; lastKnownFileType = sourcecode.swift; path = PokemoniumTests.swift; sourceTree = "<group>"; };
		D4E707DD2B74FFF600673003 /* PokemoniumUITests.xctest */ = {isa = PBXFileReference; explicitFileType = wrapper.cfbundle; includeInIndex = 0; path = PokemoniumUITests.xctest; sourceTree = BUILT_PRODUCTS_DIR; };
		D4E707E12B74FFF600673003 /* PokemoniumUITests.swift */ = {isa = PBXFileReference; lastKnownFileType = sourcecode.swift; path = PokemoniumUITests.swift; sourceTree = "<group>"; };
		D4E707E32B74FFF600673003 /* PokemoniumUITestsLaunchTests.swift */ = {isa = PBXFileReference; lastKnownFileType = sourcecode.swift; path = PokemoniumUITestsLaunchTests.swift; sourceTree = "<group>"; };
		D4E707F22B76C0DE00673003 /* PokemonRepository.swift */ = {isa = PBXFileReference; lastKnownFileType = sourcecode.swift; path = PokemonRepository.swift; sourceTree = "<group>"; };
		D4E707F52B76C3CC00673003 /* PokemonListItemCellTableViewCell.swift */ = {isa = PBXFileReference; lastKnownFileType = sourcecode.swift; path = PokemonListItemCellTableViewCell.swift; sourceTree = "<group>"; };
		D4E707F62B76C3CC00673003 /* PokemonListItemCellTableViewCell.xib */ = {isa = PBXFileReference; lastKnownFileType = file.xib; path = PokemonListItemCellTableViewCell.xib; sourceTree = "<group>"; };
		D4E707FA2B76C93200673003 /* ApiConfig.swift */ = {isa = PBXFileReference; lastKnownFileType = sourcecode.swift; path = ApiConfig.swift; sourceTree = "<group>"; };
		D4E707FD2B76CB8F00673003 /* PokemonList.swift */ = {isa = PBXFileReference; lastKnownFileType = sourcecode.swift; path = PokemonList.swift; sourceTree = "<group>"; };
		D4E707FF2B76D74600673003 /* PokemonListItem.swift */ = {isa = PBXFileReference; lastKnownFileType = sourcecode.swift; path = PokemonListItem.swift; sourceTree = "<group>"; };
		D4E708012B76D8C700673003 /* Pokemon.swift */ = {isa = PBXFileReference; lastKnownFileType = sourcecode.swift; path = Pokemon.swift; sourceTree = "<group>"; };
/* End PBXFileReference section */

/* Begin PBXFrameworksBuildPhase section */
		D4E707BA2B74FFF200673003 /* Frameworks */ = {
			isa = PBXFrameworksBuildPhase;
			buildActionMask = 2147483647;
			files = (
				D434C0782B76E2B9009CBC30 /* Kingfisher in Frameworks */,
			);
			runOnlyForDeploymentPostprocessing = 0;
		};
		D4E707D02B74FFF600673003 /* Frameworks */ = {
			isa = PBXFrameworksBuildPhase;
			buildActionMask = 2147483647;
			files = (
			);
			runOnlyForDeploymentPostprocessing = 0;
		};
		D4E707DA2B74FFF600673003 /* Frameworks */ = {
			isa = PBXFrameworksBuildPhase;
			buildActionMask = 2147483647;
			files = (
			);
			runOnlyForDeploymentPostprocessing = 0;
		};
/* End PBXFrameworksBuildPhase section */

/* Begin PBXGroup section */
		D434C0792B76E3B2009CBC30 /* Screen */ = {
			isa = PBXGroup;
			children = (
				D4E707F02B76BED800673003 /* PokemonList */,
			);
			path = Screen;
			sourceTree = "<group>";
		};
		D434C07C2B770124009CBC30 /* Protocol */ = {
			isa = PBXGroup;
			children = (
				D434C07D2B770137009CBC30 /* Coordinator.swift */,
				D434C0812B7701A9009CBC30 /* Coordinated.swift */,
			);
			path = Protocol;
			sourceTree = "<group>";
		};
		D434C0872B770E1A009CBC30 /* Application */ = {
			isa = PBXGroup;
			children = (
				D4E707C02B74FFF200673003 /* AppDelegate.swift */,
				D434C07F2B770142009CBC30 /* AppCoordinator.swift */,
				D434C0882B770EEE009CBC30 /* MainCoordinator.swift */,
			);
			path = Application;
			sourceTree = "<group>";
		};
		D434C08A2B779C05009CBC30 /* Model */ = {
			isa = PBXGroup;
			children = (
				D434C08B2B779C12009CBC30 /* PokemonItem.swift */,
			);
			path = Model;
			sourceTree = "<group>";
		};
		D4E707B42B74FFF200673003 = {
			isa = PBXGroup;
			children = (
				D4E707BF2B74FFF200673003 /* Pokemonium */,
				D4E707D62B74FFF600673003 /* PokemoniumTests */,
				D4E707E02B74FFF600673003 /* PokemoniumUITests */,
				D4E707BE2B74FFF200673003 /* Products */,
			);
			sourceTree = "<group>";
		};
		D4E707BE2B74FFF200673003 /* Products */ = {
			isa = PBXGroup;
			children = (
				D4E707BD2B74FFF200673003 /* Pokemonium.app */,
				D4E707D32B74FFF600673003 /* PokemoniumTests.xctest */,
				D4E707DD2B74FFF600673003 /* PokemoniumUITests.xctest */,
			);
			name = Products;
			sourceTree = "<group>";
		};
		D4E707BF2B74FFF200673003 /* Pokemonium */ = {
			isa = PBXGroup;
			children = (
				D434C0872B770E1A009CBC30 /* Application */,
				D434C0792B76E3B2009CBC30 /* Screen */,
				D4E707F12B76C0BE00673003 /* Repository */,
				D4E707FC2B76CB6800673003 /* Model */,
				D434C07C2B770124009CBC30 /* Protocol */,
				D4E707F92B76C91E00673003 /* Config */,
				D4E707C92B74FFF500673003 /* Assets.xcassets */,
				D4E707CB2B74FFF500673003 /* LaunchScreen.storyboard */,
				D4E707CE2B74FFF500673003 /* Info.plist */,
			);
			path = Pokemonium;
			sourceTree = "<group>";
		};
		D4E707D62B74FFF600673003 /* PokemoniumTests */ = {
			isa = PBXGroup;
			children = (
				D4E707D72B74FFF600673003 /* PokemoniumTests.swift */,
			);
			path = PokemoniumTests;
			sourceTree = "<group>";
		};
		D4E707E02B74FFF600673003 /* PokemoniumUITests */ = {
			isa = PBXGroup;
			children = (
				D4E707E12B74FFF600673003 /* PokemoniumUITests.swift */,
				D4E707E32B74FFF600673003 /* PokemoniumUITestsLaunchTests.swift */,
			);
			path = PokemoniumUITests;
			sourceTree = "<group>";
		};
		D4E707F02B76BED800673003 /* PokemonList */ = {
			isa = PBXGroup;
			children = (
				D434C08A2B779C05009CBC30 /* Model */,
				D4E707F42B76C3A800673003 /* Cell */,
				D4E707C62B74FFF200673003 /* PokemonList.storyboard */,
				D4E707C42B74FFF200673003 /* PokemonListViewController.swift */,
				D434C0832B770692009CBC30 /* PokemonListPresenter.swift */,
				D434C0852B77069F009CBC30 /* PokemonListCoordinator.swift */,
			);
			path = PokemonList;
			sourceTree = "<group>";
		};
		D4E707F12B76C0BE00673003 /* Repository */ = {
			isa = PBXGroup;
			children = (
				D4E707F22B76C0DE00673003 /* PokemonRepository.swift */,
			);
			path = Repository;
			sourceTree = "<group>";
		};
		D4E707F42B76C3A800673003 /* Cell */ = {
			isa = PBXGroup;
			children = (
				D4E707F52B76C3CC00673003 /* PokemonListItemCellTableViewCell.swift */,
				D4E707F62B76C3CC00673003 /* PokemonListItemCellTableViewCell.xib */,
			);
			path = Cell;
			sourceTree = "<group>";
		};
		D4E707F92B76C91E00673003 /* Config */ = {
			isa = PBXGroup;
			children = (
				D4E707FA2B76C93200673003 /* ApiConfig.swift */,
			);
			path = Config;
			sourceTree = "<group>";
		};
		D4E707FC2B76CB6800673003 /* Model */ = {
			isa = PBXGroup;
			children = (
				D4E707FD2B76CB8F00673003 /* PokemonList.swift */,
				D4E707FF2B76D74600673003 /* PokemonListItem.swift */,
				D4E708012B76D8C700673003 /* Pokemon.swift */,
			);
			path = Model;
			sourceTree = "<group>";
		};
/* End PBXGroup section */

/* Begin PBXNativeTarget section */
		D4E707BC2B74FFF200673003 /* Pokemonium */ = {
			isa = PBXNativeTarget;
			buildConfigurationList = D4E707E72B74FFF600673003 /* Build configuration list for PBXNativeTarget "Pokemonium" */;
			buildPhases = (
				D4E707B92B74FFF200673003 /* Sources */,
				D4E707BA2B74FFF200673003 /* Frameworks */,
				D4E707BB2B74FFF200673003 /* Resources */,
			);
			buildRules = (
			);
			dependencies = (
			);
			name = Pokemonium;
			packageProductDependencies = (
				D434C0772B76E2B9009CBC30 /* Kingfisher */,
			);
			productName = Pokemonium;
			productReference = D4E707BD2B74FFF200673003 /* Pokemonium.app */;
			productType = "com.apple.product-type.application";
		};
		D4E707D22B74FFF600673003 /* PokemoniumTests */ = {
			isa = PBXNativeTarget;
			buildConfigurationList = D4E707EA2B74FFF600673003 /* Build configuration list for PBXNativeTarget "PokemoniumTests" */;
			buildPhases = (
				D4E707CF2B74FFF600673003 /* Sources */,
				D4E707D02B74FFF600673003 /* Frameworks */,
				D4E707D12B74FFF600673003 /* Resources */,
			);
			buildRules = (
			);
			dependencies = (
				D4E707D52B74FFF600673003 /* PBXTargetDependency */,
			);
			name = PokemoniumTests;
			productName = PokemoniumTests;
			productReference = D4E707D32B74FFF600673003 /* PokemoniumTests.xctest */;
			productType = "com.apple.product-type.bundle.unit-test";
		};
		D4E707DC2B74FFF600673003 /* PokemoniumUITests */ = {
			isa = PBXNativeTarget;
			buildConfigurationList = D4E707ED2B74FFF600673003 /* Build configuration list for PBXNativeTarget "PokemoniumUITests" */;
			buildPhases = (
				D4E707D92B74FFF600673003 /* Sources */,
				D4E707DA2B74FFF600673003 /* Frameworks */,
				D4E707DB2B74FFF600673003 /* Resources */,
			);
			buildRules = (
			);
			dependencies = (
				D4E707DF2B74FFF600673003 /* PBXTargetDependency */,
			);
			name = PokemoniumUITests;
			productName = PokemoniumUITests;
			productReference = D4E707DD2B74FFF600673003 /* PokemoniumUITests.xctest */;
			productType = "com.apple.product-type.bundle.ui-testing";
		};
/* End PBXNativeTarget section */

/* Begin PBXProject section */
		D4E707B52B74FFF200673003 /* Project object */ = {
			isa = PBXProject;
			attributes = {
				BuildIndependentTargetsInParallel = 1;
				LastSwiftUpdateCheck = 1520;
				LastUpgradeCheck = 1520;
				TargetAttributes = {
					D4E707BC2B74FFF200673003 = {
						CreatedOnToolsVersion = 15.2;
					};
					D4E707D22B74FFF600673003 = {
						CreatedOnToolsVersion = 15.2;
						TestTargetID = D4E707BC2B74FFF200673003;
					};
					D4E707DC2B74FFF600673003 = {
						CreatedOnToolsVersion = 15.2;
						TestTargetID = D4E707BC2B74FFF200673003;
					};
				};
			};
			buildConfigurationList = D4E707B82B74FFF200673003 /* Build configuration list for PBXProject "Pokemonium" */;
			compatibilityVersion = "Xcode 14.0";
			developmentRegion = en;
			hasScannedForEncodings = 0;
			knownRegions = (
				en,
				Base,
			);
			mainGroup = D4E707B42B74FFF200673003;
			packageReferences = (
				D434C0762B76E2B9009CBC30 /* XCRemoteSwiftPackageReference "Kingfisher" */,
			);
			productRefGroup = D4E707BE2B74FFF200673003 /* Products */;
			projectDirPath = "";
			projectRoot = "";
			targets = (
				D4E707BC2B74FFF200673003 /* Pokemonium */,
				D4E707D22B74FFF600673003 /* PokemoniumTests */,
				D4E707DC2B74FFF600673003 /* PokemoniumUITests */,
			);
		};
/* End PBXProject section */

/* Begin PBXResourcesBuildPhase section */
		D4E707BB2B74FFF200673003 /* Resources */ = {
			isa = PBXResourcesBuildPhase;
			buildActionMask = 2147483647;
			files = (
				D4E707F82B76C3CC00673003 /* PokemonListItemCellTableViewCell.xib in Resources */,
				D4E707CD2B74FFF500673003 /* LaunchScreen.storyboard in Resources */,
				D4E707CA2B74FFF500673003 /* Assets.xcassets in Resources */,
				D4E707C82B74FFF200673003 /* PokemonList.storyboard in Resources */,
			);
			runOnlyForDeploymentPostprocessing = 0;
		};
		D4E707D12B74FFF600673003 /* Resources */ = {
			isa = PBXResourcesBuildPhase;
			buildActionMask = 2147483647;
			files = (
			);
			runOnlyForDeploymentPostprocessing = 0;
		};
		D4E707DB2B74FFF600673003 /* Resources */ = {
			isa = PBXResourcesBuildPhase;
			buildActionMask = 2147483647;
			files = (
			);
			runOnlyForDeploymentPostprocessing = 0;
		};
/* End PBXResourcesBuildPhase section */

/* Begin PBXSourcesBuildPhase section */
		D4E707B92B74FFF200673003 /* Sources */ = {
			isa = PBXSourcesBuildPhase;
			buildActionMask = 2147483647;
			files = (
				D434C0822B7701A9009CBC30 /* Coordinated.swift in Sources */,
				D434C0802B770142009CBC30 /* AppCoordinator.swift in Sources */,
				D4E707C52B74FFF200673003 /* PokemonListViewController.swift in Sources */,
				D4E707C12B74FFF200673003 /* AppDelegate.swift in Sources */,
				D434C08C2B779C12009CBC30 /* PokemonItem.swift in Sources */,
				D434C07E2B770137009CBC30 /* Coordinator.swift in Sources */,
				D4E707FB2B76C93200673003 /* ApiConfig.swift in Sources */,
				D4E707F72B76C3CC00673003 /* PokemonListItemCellTableViewCell.swift in Sources */,
				D434C0842B770692009CBC30 /* PokemonListPresenter.swift in Sources */,
				D4E708002B76D74600673003 /* PokemonListItem.swift in Sources */,
				D4E708022B76D8C700673003 /* Pokemon.swift in Sources */,
				D434C0862B7706A0009CBC30 /* PokemonListCoordinator.swift in Sources */,
				D4E707FE2B76CB8F00673003 /* PokemonList.swift in Sources */,
				D434C0892B770EEE009CBC30 /* MainCoordinator.swift in Sources */,
				D4E707F32B76C0DE00673003 /* PokemonRepository.swift in Sources */,
			);
			runOnlyForDeploymentPostprocessing = 0;
		};
		D4E707CF2B74FFF600673003 /* Sources */ = {
			isa = PBXSourcesBuildPhase;
			buildActionMask = 2147483647;
			files = (
				D4E707D82B74FFF600673003 /* PokemoniumTests.swift in Sources */,
			);
			runOnlyForDeploymentPostprocessing = 0;
		};
		D4E707D92B74FFF600673003 /* Sources */ = {
			isa = PBXSourcesBuildPhase;
			buildActionMask = 2147483647;
			files = (
				D4E707E42B74FFF600673003 /* PokemoniumUITestsLaunchTests.swift in Sources */,
				D4E707E22B74FFF600673003 /* PokemoniumUITests.swift in Sources */,
			);
			runOnlyForDeploymentPostprocessing = 0;
		};
/* End PBXSourcesBuildPhase section */

/* Begin PBXTargetDependency section */
		D4E707D52B74FFF600673003 /* PBXTargetDependency */ = {
			isa = PBXTargetDependency;
			target = D4E707BC2B74FFF200673003 /* Pokemonium */;
			targetProxy = D4E707D42B74FFF600673003 /* PBXContainerItemProxy */;
		};
		D4E707DF2B74FFF600673003 /* PBXTargetDependency */ = {
			isa = PBXTargetDependency;
			target = D4E707BC2B74FFF200673003 /* Pokemonium */;
			targetProxy = D4E707DE2B74FFF600673003 /* PBXContainerItemProxy */;
		};
/* End PBXTargetDependency section */

/* Begin PBXVariantGroup section */
		D4E707C62B74FFF200673003 /* PokemonList.storyboard */ = {
			isa = PBXVariantGroup;
			children = (
				D4E707C72B74FFF200673003 /* Base */,
			);
			name = PokemonList.storyboard;
			sourceTree = "<group>";
		};
		D4E707CB2B74FFF500673003 /* LaunchScreen.storyboard */ = {
			isa = PBXVariantGroup;
			children = (
				D4E707CC2B74FFF500673003 /* Base */,
			);
			name = LaunchScreen.storyboard;
			sourceTree = "<group>";
		};
/* End PBXVariantGroup section */

/* Begin XCBuildConfiguration section */
		D4E707E52B74FFF600673003 /* Debug */ = {
			isa = XCBuildConfiguration;
			buildSettings = {
				ALWAYS_SEARCH_USER_PATHS = NO;
				ASSETCATALOG_COMPILER_GENERATE_SWIFT_ASSET_SYMBOL_EXTENSIONS = YES;
				CLANG_ANALYZER_NONNULL = YES;
				CLANG_ANALYZER_NUMBER_OBJECT_CONVERSION = YES_AGGRESSIVE;
				CLANG_CXX_LANGUAGE_STANDARD = "gnu++20";
				CLANG_ENABLE_MODULES = YES;
				CLANG_ENABLE_OBJC_ARC = YES;
				CLANG_ENABLE_OBJC_WEAK = YES;
				CLANG_WARN_BLOCK_CAPTURE_AUTORELEASING = YES;
				CLANG_WARN_BOOL_CONVERSION = YES;
				CLANG_WARN_COMMA = YES;
				CLANG_WARN_CONSTANT_CONVERSION = YES;
				CLANG_WARN_DEPRECATED_OBJC_IMPLEMENTATIONS = YES;
				CLANG_WARN_DIRECT_OBJC_ISA_USAGE = YES_ERROR;
				CLANG_WARN_DOCUMENTATION_COMMENTS = YES;
				CLANG_WARN_EMPTY_BODY = YES;
				CLANG_WARN_ENUM_CONVERSION = YES;
				CLANG_WARN_INFINITE_RECURSION = YES;
				CLANG_WARN_INT_CONVERSION = YES;
				CLANG_WARN_NON_LITERAL_NULL_CONVERSION = YES;
				CLANG_WARN_OBJC_IMPLICIT_RETAIN_SELF = YES;
				CLANG_WARN_OBJC_LITERAL_CONVERSION = YES;
				CLANG_WARN_OBJC_ROOT_CLASS = YES_ERROR;
				CLANG_WARN_QUOTED_INCLUDE_IN_FRAMEWORK_HEADER = YES;
				CLANG_WARN_RANGE_LOOP_ANALYSIS = YES;
				CLANG_WARN_STRICT_PROTOTYPES = YES;
				CLANG_WARN_SUSPICIOUS_MOVE = YES;
				CLANG_WARN_UNGUARDED_AVAILABILITY = YES_AGGRESSIVE;
				CLANG_WARN_UNREACHABLE_CODE = YES;
				CLANG_WARN__DUPLICATE_METHOD_MATCH = YES;
				COPY_PHASE_STRIP = NO;
				DEBUG_INFORMATION_FORMAT = dwarf;
				ENABLE_STRICT_OBJC_MSGSEND = YES;
				ENABLE_TESTABILITY = YES;
				ENABLE_USER_SCRIPT_SANDBOXING = YES;
				GCC_C_LANGUAGE_STANDARD = gnu17;
				GCC_DYNAMIC_NO_PIC = NO;
				GCC_NO_COMMON_BLOCKS = YES;
				GCC_OPTIMIZATION_LEVEL = 0;
				GCC_PREPROCESSOR_DEFINITIONS = (
					"DEBUG=1",
					"$(inherited)",
				);
				GCC_WARN_64_TO_32_BIT_CONVERSION = YES;
				GCC_WARN_ABOUT_RETURN_TYPE = YES_ERROR;
				GCC_WARN_UNDECLARED_SELECTOR = YES;
				GCC_WARN_UNINITIALIZED_AUTOS = YES_AGGRESSIVE;
				GCC_WARN_UNUSED_FUNCTION = YES;
				GCC_WARN_UNUSED_VARIABLE = YES;
				IPHONEOS_DEPLOYMENT_TARGET = 17.2;
				LOCALIZATION_PREFERS_STRING_CATALOGS = YES;
				MTL_ENABLE_DEBUG_INFO = INCLUDE_SOURCE;
				MTL_FAST_MATH = YES;
				ONLY_ACTIVE_ARCH = YES;
				SDKROOT = iphoneos;
				SWIFT_ACTIVE_COMPILATION_CONDITIONS = "DEBUG $(inherited)";
				SWIFT_OPTIMIZATION_LEVEL = "-Onone";
			};
			name = Debug;
		};
		D4E707E62B74FFF600673003 /* Release */ = {
			isa = XCBuildConfiguration;
			buildSettings = {
				ALWAYS_SEARCH_USER_PATHS = NO;
				ASSETCATALOG_COMPILER_GENERATE_SWIFT_ASSET_SYMBOL_EXTENSIONS = YES;
				CLANG_ANALYZER_NONNULL = YES;
				CLANG_ANALYZER_NUMBER_OBJECT_CONVERSION = YES_AGGRESSIVE;
				CLANG_CXX_LANGUAGE_STANDARD = "gnu++20";
				CLANG_ENABLE_MODULES = YES;
				CLANG_ENABLE_OBJC_ARC = YES;
				CLANG_ENABLE_OBJC_WEAK = YES;
				CLANG_WARN_BLOCK_CAPTURE_AUTORELEASING = YES;
				CLANG_WARN_BOOL_CONVERSION = YES;
				CLANG_WARN_COMMA = YES;
				CLANG_WARN_CONSTANT_CONVERSION = YES;
				CLANG_WARN_DEPRECATED_OBJC_IMPLEMENTATIONS = YES;
				CLANG_WARN_DIRECT_OBJC_ISA_USAGE = YES_ERROR;
				CLANG_WARN_DOCUMENTATION_COMMENTS = YES;
				CLANG_WARN_EMPTY_BODY = YES;
				CLANG_WARN_ENUM_CONVERSION = YES;
				CLANG_WARN_INFINITE_RECURSION = YES;
				CLANG_WARN_INT_CONVERSION = YES;
				CLANG_WARN_NON_LITERAL_NULL_CONVERSION = YES;
				CLANG_WARN_OBJC_IMPLICIT_RETAIN_SELF = YES;
				CLANG_WARN_OBJC_LITERAL_CONVERSION = YES;
				CLANG_WARN_OBJC_ROOT_CLASS = YES_ERROR;
				CLANG_WARN_QUOTED_INCLUDE_IN_FRAMEWORK_HEADER = YES;
				CLANG_WARN_RANGE_LOOP_ANALYSIS = YES;
				CLANG_WARN_STRICT_PROTOTYPES = YES;
				CLANG_WARN_SUSPICIOUS_MOVE = YES;
				CLANG_WARN_UNGUARDED_AVAILABILITY = YES_AGGRESSIVE;
				CLANG_WARN_UNREACHABLE_CODE = YES;
				CLANG_WARN__DUPLICATE_METHOD_MATCH = YES;
				COPY_PHASE_STRIP = NO;
				DEBUG_INFORMATION_FORMAT = "dwarf-with-dsym";
				ENABLE_NS_ASSERTIONS = NO;
				ENABLE_STRICT_OBJC_MSGSEND = YES;
				ENABLE_USER_SCRIPT_SANDBOXING = YES;
				GCC_C_LANGUAGE_STANDARD = gnu17;
				GCC_NO_COMMON_BLOCKS = YES;
				GCC_WARN_64_TO_32_BIT_CONVERSION = YES;
				GCC_WARN_ABOUT_RETURN_TYPE = YES_ERROR;
				GCC_WARN_UNDECLARED_SELECTOR = YES;
				GCC_WARN_UNINITIALIZED_AUTOS = YES_AGGRESSIVE;
				GCC_WARN_UNUSED_FUNCTION = YES;
				GCC_WARN_UNUSED_VARIABLE = YES;
				IPHONEOS_DEPLOYMENT_TARGET = 17.2;
				LOCALIZATION_PREFERS_STRING_CATALOGS = YES;
				MTL_ENABLE_DEBUG_INFO = NO;
				MTL_FAST_MATH = YES;
				SDKROOT = iphoneos;
				SWIFT_COMPILATION_MODE = wholemodule;
				VALIDATE_PRODUCT = YES;
			};
			name = Release;
		};
		D4E707E82B74FFF600673003 /* Debug */ = {
			isa = XCBuildConfiguration;
			buildSettings = {
				ASSETCATALOG_COMPILER_APPICON_NAME = AppIcon;
				ASSETCATALOG_COMPILER_GLOBAL_ACCENT_COLOR_NAME = AccentColor;
				CODE_SIGN_STYLE = Automatic;
				CURRENT_PROJECT_VERSION = 1;
				DEVELOPMENT_TEAM = 5CSC8SG2GH;
				GENERATE_INFOPLIST_FILE = YES;
				INFOPLIST_FILE = Pokemonium/Info.plist;
				INFOPLIST_KEY_UIApplicationSupportsIndirectInputEvents = YES;
				INFOPLIST_KEY_UILaunchStoryboardName = LaunchScreen;
				INFOPLIST_KEY_UIMainStoryboardFile = LaunchScreen;
				INFOPLIST_KEY_UISupportedInterfaceOrientations_iPad = "UIInterfaceOrientationPortrait UIInterfaceOrientationPortraitUpsideDown UIInterfaceOrientationLandscapeLeft UIInterfaceOrientationLandscapeRight";
				INFOPLIST_KEY_UISupportedInterfaceOrientations_iPhone = "UIInterfaceOrientationPortrait UIInterfaceOrientationLandscapeLeft UIInterfaceOrientationLandscapeRight";
				LD_RUNPATH_SEARCH_PATHS = (
					"$(inherited)",
					"@executable_path/Frameworks",
				);
				MARKETING_VERSION = 1.0;
				PRODUCT_BUNDLE_IDENTIFIER = net.filiperamos.Pokemonium;
				PRODUCT_NAME = "$(TARGET_NAME)";
				SWIFT_EMIT_LOC_STRINGS = YES;
				SWIFT_VERSION = 5.0;
				TARGETED_DEVICE_FAMILY = "1,2";
			};
			name = Debug;
		};
		D4E707E92B74FFF600673003 /* Release */ = {
			isa = XCBuildConfiguration;
			buildSettings = {
				ASSETCATALOG_COMPILER_APPICON_NAME = AppIcon;
				ASSETCATALOG_COMPILER_GLOBAL_ACCENT_COLOR_NAME = AccentColor;
				CODE_SIGN_STYLE = Automatic;
				CURRENT_PROJECT_VERSION = 1;
				DEVELOPMENT_TEAM = 5CSC8SG2GH;
				GENERATE_INFOPLIST_FILE = YES;
				INFOPLIST_FILE = Pokemonium/Info.plist;
				INFOPLIST_KEY_UIApplicationSupportsIndirectInputEvents = YES;
				INFOPLIST_KEY_UILaunchStoryboardName = LaunchScreen;
				INFOPLIST_KEY_UIMainStoryboardFile = LaunchScreen;
				INFOPLIST_KEY_UISupportedInterfaceOrientations_iPad = "UIInterfaceOrientationPortrait UIInterfaceOrientationPortraitUpsideDown UIInterfaceOrientationLandscapeLeft UIInterfaceOrientationLandscapeRight";
				INFOPLIST_KEY_UISupportedInterfaceOrientations_iPhone = "UIInterfaceOrientationPortrait UIInterfaceOrientationLandscapeLeft UIInterfaceOrientationLandscapeRight";
				LD_RUNPATH_SEARCH_PATHS = (
					"$(inherited)",
					"@executable_path/Frameworks",
				);
				MARKETING_VERSION = 1.0;
				PRODUCT_BUNDLE_IDENTIFIER = net.filiperamos.Pokemonium;
				PRODUCT_NAME = "$(TARGET_NAME)";
				SWIFT_EMIT_LOC_STRINGS = YES;
				SWIFT_VERSION = 5.0;
				TARGETED_DEVICE_FAMILY = "1,2";
			};
			name = Release;
		};
		D4E707EB2B74FFF600673003 /* Debug */ = {
			isa = XCBuildConfiguration;
			buildSettings = {
				ALWAYS_EMBED_SWIFT_STANDARD_LIBRARIES = YES;
				BUNDLE_LOADER = "$(TEST_HOST)";
				CODE_SIGN_STYLE = Automatic;
				CURRENT_PROJECT_VERSION = 1;
				DEVELOPMENT_TEAM = 5CSC8SG2GH;
				GENERATE_INFOPLIST_FILE = YES;
				IPHONEOS_DEPLOYMENT_TARGET = 17.2;
				MARKETING_VERSION = 1.0;
				PRODUCT_BUNDLE_IDENTIFIER = net.filiperamos.PokemoniumTests;
				PRODUCT_NAME = "$(TARGET_NAME)";
				SWIFT_EMIT_LOC_STRINGS = NO;
				SWIFT_VERSION = 5.0;
				TARGETED_DEVICE_FAMILY = "1,2";
				TEST_HOST = "$(BUILT_PRODUCTS_DIR)/Pokemonium.app/$(BUNDLE_EXECUTABLE_FOLDER_PATH)/Pokemonium";
			};
			name = Debug;
		};
		D4E707EC2B74FFF600673003 /* Release */ = {
			isa = XCBuildConfiguration;
			buildSettings = {
				ALWAYS_EMBED_SWIFT_STANDARD_LIBRARIES = YES;
				BUNDLE_LOADER = "$(TEST_HOST)";
				CODE_SIGN_STYLE = Automatic;
				CURRENT_PROJECT_VERSION = 1;
				DEVELOPMENT_TEAM = 5CSC8SG2GH;
				GENERATE_INFOPLIST_FILE = YES;
				IPHONEOS_DEPLOYMENT_TARGET = 17.2;
				MARKETING_VERSION = 1.0;
				PRODUCT_BUNDLE_IDENTIFIER = net.filiperamos.PokemoniumTests;
				PRODUCT_NAME = "$(TARGET_NAME)";
				SWIFT_EMIT_LOC_STRINGS = NO;
				SWIFT_VERSION = 5.0;
				TARGETED_DEVICE_FAMILY = "1,2";
				TEST_HOST = "$(BUILT_PRODUCTS_DIR)/Pokemonium.app/$(BUNDLE_EXECUTABLE_FOLDER_PATH)/Pokemonium";
			};
			name = Release;
		};
		D4E707EE2B74FFF600673003 /* Debug */ = {
			isa = XCBuildConfiguration;
			buildSettings = {
				ALWAYS_EMBED_SWIFT_STANDARD_LIBRARIES = YES;
				CODE_SIGN_STYLE = Automatic;
				CURRENT_PROJECT_VERSION = 1;
				DEVELOPMENT_TEAM = 5CSC8SG2GH;
				GENERATE_INFOPLIST_FILE = YES;
				MARKETING_VERSION = 1.0;
				PRODUCT_BUNDLE_IDENTIFIER = net.filiperamos.PokemoniumUITests;
				PRODUCT_NAME = "$(TARGET_NAME)";
				SWIFT_EMIT_LOC_STRINGS = NO;
				SWIFT_VERSION = 5.0;
				TARGETED_DEVICE_FAMILY = "1,2";
				TEST_TARGET_NAME = Pokemonium;
			};
			name = Debug;
		};
		D4E707EF2B74FFF600673003 /* Release */ = {
			isa = XCBuildConfiguration;
			buildSettings = {
				ALWAYS_EMBED_SWIFT_STANDARD_LIBRARIES = YES;
				CODE_SIGN_STYLE = Automatic;
				CURRENT_PROJECT_VERSION = 1;
				DEVELOPMENT_TEAM = 5CSC8SG2GH;
				GENERATE_INFOPLIST_FILE = YES;
				MARKETING_VERSION = 1.0;
				PRODUCT_BUNDLE_IDENTIFIER = net.filiperamos.PokemoniumUITests;
				PRODUCT_NAME = "$(TARGET_NAME)";
				SWIFT_EMIT_LOC_STRINGS = NO;
				SWIFT_VERSION = 5.0;
				TARGETED_DEVICE_FAMILY = "1,2";
				TEST_TARGET_NAME = Pokemonium;
			};
			name = Release;
		};
/* End XCBuildConfiguration section */

/* Begin XCConfigurationList section */
		D4E707B82B74FFF200673003 /* Build configuration list for PBXProject "Pokemonium" */ = {
			isa = XCConfigurationList;
			buildConfigurations = (
				D4E707E52B74FFF600673003 /* Debug */,
				D4E707E62B74FFF600673003 /* Release */,
			);
			defaultConfigurationIsVisible = 0;
			defaultConfigurationName = Release;
		};
		D4E707E72B74FFF600673003 /* Build configuration list for PBXNativeTarget "Pokemonium" */ = {
			isa = XCConfigurationList;
			buildConfigurations = (
				D4E707E82B74FFF600673003 /* Debug */,
				D4E707E92B74FFF600673003 /* Release */,
			);
			defaultConfigurationIsVisible = 0;
			defaultConfigurationName = Release;
		};
		D4E707EA2B74FFF600673003 /* Build configuration list for PBXNativeTarget "PokemoniumTests" */ = {
			isa = XCConfigurationList;
			buildConfigurations = (
				D4E707EB2B74FFF600673003 /* Debug */,
				D4E707EC2B74FFF600673003 /* Release */,
			);
			defaultConfigurationIsVisible = 0;
			defaultConfigurationName = Release;
		};
		D4E707ED2B74FFF600673003 /* Build configuration list for PBXNativeTarget "PokemoniumUITests" */ = {
			isa = XCConfigurationList;
			buildConfigurations = (
				D4E707EE2B74FFF600673003 /* Debug */,
				D4E707EF2B74FFF600673003 /* Release */,
			);
			defaultConfigurationIsVisible = 0;
			defaultConfigurationName = Release;
		};
/* End XCConfigurationList section */

/* Begin XCRemoteSwiftPackageReference section */
		D434C0762B76E2B9009CBC30 /* XCRemoteSwiftPackageReference "Kingfisher" */ = {
			isa = XCRemoteSwiftPackageReference;
			repositoryURL = "https://github.com/onevcat/Kingfisher.git";
			requirement = {
				kind = upToNextMajorVersion;
				minimumVersion = 7.10.2;
			};
		};
/* End XCRemoteSwiftPackageReference section */

/* Begin XCSwiftPackageProductDependency section */
		D434C0772B76E2B9009CBC30 /* Kingfisher */ = {
			isa = XCSwiftPackageProductDependency;
			package = D434C0762B76E2B9009CBC30 /* XCRemoteSwiftPackageReference "Kingfisher" */;
			productName = Kingfisher;
		};
/* End XCSwiftPackageProductDependency section */
	};
	rootObject = D4E707B52B74FFF200673003 /* Project object */;
}
